{
  "projects": [
    {
      "projectId": "sbQJwsd5ZBs5BtGCQhhJLv",
      "version": "latest",
      "dependencies": {},
      "lang": "ts",
      "fileLocks": [
        {
          "type": "globalVariant",
          "assetId": "ASb651IteQzF",
          "checksum": "a2bd012a7c24f98aab80daaffdd478a0"
        },
        {
          "assetId": "sbQJwsd5ZBs5BtGCQhhJLv",
          "type": "projectCss",
          "checksum": "948d74ac4c6bcfa35880ef25401977a3"
        },
        {
          "type": "renderModule",
          "assetId": "VwI1QD-_o6NF",
          "checksum": "57fa092d91e6ab0b0270d9c65c3226b2"
        },
        {
          "type": "cssRules",
          "assetId": "VwI1QD-_o6NF",
          "checksum": "57fa092d91e6ab0b0270d9c65c3226b2"
        },
        {
          "type": "renderModule",
          "assetId": "7ULaKDswMqpi",
          "checksum": "9b73699fb76d71fa1e4a3ec60b78876f"
        },
        {
          "type": "cssRules",
          "assetId": "7ULaKDswMqpi",
          "checksum": "9b73699fb76d71fa1e4a3ec60b78876f"
        },
        {
          "type": "renderModule",
          "assetId": "72J1CxYHdAMS",
          "checksum": "db933f1694e6406145bc235636419b83"
        },
        {
          "type": "cssRules",
          "assetId": "72J1CxYHdAMS",
          "checksum": "db933f1694e6406145bc235636419b83"
        },
        {
          "type": "renderModule",
          "assetId": "Vb6XzVJUcph2",
          "checksum": "ade892a0d8f799f1045ff150c1f85e5c"
        },
        {
          "type": "cssRules",
          "assetId": "Vb6XzVJUcph2",
          "checksum": "ade892a0d8f799f1045ff150c1f85e5c"
        },
        {
          "type": "renderModule",
          "assetId": "Xo2H1pUSwvIR",
          "checksum": "000540522a0fa96fa238a5c155c21e67"
        },
        {
          "type": "cssRules",
          "assetId": "Xo2H1pUSwvIR",
          "checksum": "000540522a0fa96fa238a5c155c21e67"
        },
        {
          "type": "renderModule",
          "assetId": "YOpe0hL5L4N3",
          "checksum": "a4c240004a0405f349aea1c1673ae5dc"
        },
        {
          "type": "cssRules",
          "assetId": "YOpe0hL5L4N3",
          "checksum": "a4c240004a0405f349aea1c1673ae5dc"
        },
        {
          "type": "renderModule",
          "assetId": "O7k8aCaEQlBE",
          "checksum": "dcaa14b3d0db3084db93c77a9c8d89f4"
        },
        {
          "type": "cssRules",
          "assetId": "O7k8aCaEQlBE",
          "checksum": "dcaa14b3d0db3084db93c77a9c8d89f4"
        },
        {
          "type": "renderModule",
          "assetId": "_XyEyKn2ynHq",
          "checksum": "ac6f1c9e68b69cb34be505f297d20cfb"
        },
        {
          "type": "cssRules",
          "assetId": "_XyEyKn2ynHq",
          "checksum": "ac6f1c9e68b69cb34be505f297d20cfb"
        },
        {
          "type": "renderModule",
          "assetId": "I5piJM6JZjfm",
          "checksum": "07c571565f03229760be01153c29d2f0"
        },
        {
          "type": "cssRules",
          "assetId": "I5piJM6JZjfm",
          "checksum": "07c571565f03229760be01153c29d2f0"
        },
        {
          "type": "renderModule",
          "assetId": "3yXAqtnzialL",
          "checksum": "a7add1c5817c322d4806d7856068b195"
        },
        {
          "type": "cssRules",
          "assetId": "3yXAqtnzialL",
          "checksum": "a7add1c5817c322d4806d7856068b195"
        },
        {
          "type": "renderModule",
          "assetId": "ujlAWg-ix6DC",
          "checksum": "b1441f81a86b7cc3bc4122254e522474"
        },
        {
          "type": "cssRules",
          "assetId": "ujlAWg-ix6DC",
          "checksum": "b1441f81a86b7cc3bc4122254e522474"
        },
        {
          "type": "renderModule",
          "assetId": "JyROVeReyh3D",
          "checksum": "c9a9dcc294ac1c46165b74c58997d9fb"
        },
        {
          "type": "cssRules",
          "assetId": "JyROVeReyh3D",
          "checksum": "c9a9dcc294ac1c46165b74c58997d9fb"
        },
        {
          "type": "renderModule",
          "assetId": "22is3qBcO0Q5",
          "checksum": "5a42166a63ca6a64c18e37ce991acfb8"
        },
        {
          "type": "cssRules",
          "assetId": "22is3qBcO0Q5",
          "checksum": "5a42166a63ca6a64c18e37ce991acfb8"
        },
        {
          "type": "renderModule",
          "assetId": "Xvjq8WB2vhwe",
          "checksum": "eff60290128a1da6618ea410995a1edc"
        },
        {
          "type": "cssRules",
          "assetId": "Xvjq8WB2vhwe",
          "checksum": "eff60290128a1da6618ea410995a1edc"
        },
        {
          "type": "icon",
          "assetId": "pAQYl0DgHHRE",
          "checksum": "839ee6613c28e12b4c28babde66c7065"
        },
        {
          "type": "icon",
          "assetId": "RKcGxI9H8E8h",
          "checksum": "549a3814b1be7cf40d09dee9106f5b8e"
        },
        {
          "type": "icon",
          "assetId": "zJRyGBfNc8ZW",
          "checksum": "fdb2db2f808acb22a0e52e82b0f20d4a"
        },
        {
          "type": "icon",
          "assetId": "IS2v2jNhf5Ec",
          "checksum": "a61ff3078f28f216c0c7f01dd9b77916"
        },
        {
          "type": "icon",
          "assetId": "y3tovEszqGBQ",
          "checksum": "dc6381b196df958d47249bfee0b4e157"
        },
        {
          "type": "icon",
          "assetId": "2w7D3N25xBql",
          "checksum": "73efcc8698ade9a4a91b222c983f45be"
        },
        {
          "type": "icon",
          "assetId": "NpoSA6-3ibz8",
          "checksum": "2f8194d71cd9b3fc7906aecce187d76d"
        },
        {
          "type": "icon",
          "assetId": "ZdyWeopgtiGf",
          "checksum": "e7e961695094f98785ee6b39bcb4e760"
        },
        {
          "type": "icon",
          "assetId": "a4crnjaPgZq1",
          "checksum": "cb4f8716658158eeac745b86d414510e"
        },
        {
          "type": "icon",
          "assetId": "zOcjky2pS2lF",
          "checksum": "494ae75f9836c3ef30ed68bccb0e13c9"
        },
        {
          "type": "icon",
          "assetId": "BZHKKtjZI4Oh",
          "checksum": "93c25d4fe1d8f36b2d4efce1d2d0fee2"
        },
        {
          "type": "icon",
          "assetId": "Zr3j2ZrjDAG3",
          "checksum": "7a4aeb6a1574f6f1f1ae8bb432dc905b"
        },
        {
          "type": "icon",
          "assetId": "Ujo6f8Cy82QD",
          "checksum": "3a7c03a4db7c54e15ac9b82c05ddf6f0"
        },
        {
          "type": "icon",
          "assetId": "wMyQ73F5BQom",
          "checksum": "9ef7e2a051a0bf9beae1443b69524046"
        },
        {
          "type": "icon",
          "assetId": "fqDzYTF4msww",
          "checksum": "9362597f771dacbf244147b059200596"
        },
        {
          "type": "icon",
          "assetId": "ARPa5gl7uJ5H",
          "checksum": "63e76c2e13ba0e28245997d7efb53d9e"
        },
        {
          "type": "icon",
          "assetId": "BakSoyJSTwQc",
          "checksum": "fb7814be1e6f1928a7148a9a9ea240ec"
        },
        {
          "type": "icon",
          "assetId": "ZYrMn0dcQa4W",
          "checksum": "b434a0b26c4a1cae16347cf2e15f894f"
        },
        {
          "type": "icon",
          "assetId": "akDjogZA9K0U",
          "checksum": "61aeb6861a288ad20c52b588533cc8d6"
        },
        {
          "type": "icon",
          "assetId": "fHUHXfxV-MIS",
          "checksum": "b028631593e5c6acadae4f313ade8ce1"
        },
        {
          "type": "icon",
          "assetId": "Mxee2RdJBvjj",
          "checksum": "3654846c03e5ea8fdbdb172de37b5439"
        },
        {
          "type": "icon",
          "assetId": "J597godGAIHk",
          "checksum": "ba3fde7509658a38ca132d540667c373"
        },
        {
          "type": "icon",
          "assetId": "elwox4iy8T3X",
          "checksum": "d7026c07a95e96c2483edc4f919b7b52"
        },
        {
          "type": "icon",
          "assetId": "0MfPEkMd1hhL",
          "checksum": "34587e1f27aeea45505af341b6fff2c4"
        },
        {
          "type": "icon",
          "assetId": "T4I5eVpJkKhR",
          "checksum": "505c33c66041b468316978623af1a361"
        },
        {
          "type": "icon",
          "assetId": "nMeg1Dqfx233",
          "checksum": "697bf54698ce30063a7e1a474211dc15"
        },
        {
          "type": "icon",
          "assetId": "uyPReBgfAN3S",
          "checksum": "b166919af5c251f03b83d3ea8fa03ce6"
        },
        {
          "type": "icon",
          "assetId": "kitJr6gZ2hEG",
          "checksum": "e611c12cf316e5a38deb98984a3c677e"
        },
        {
          "type": "icon",
          "assetId": "5xuoyv5Q_TKS",
          "checksum": "2b089e0d97be432ca1f581f66abdc085"
        },
        {
          "type": "icon",
          "assetId": "ARkAwDI0QIUB",
          "checksum": "334e0113040e02931740dfd59a792ef0"
        },
        {
          "type": "icon",
          "assetId": "mtzUa2tFmbMr",
          "checksum": "d9e2f4fcb0c7dc557e59a0afc0910658"
        },
        {
          "type": "icon",
          "assetId": "5SM5De69ZtBO",
          "checksum": "2822cf08ad161186d8d5f3abd458105e"
        },
        {
          "type": "icon",
          "assetId": "X352PtWdNIVx",
          "checksum": "74edb4ba836f2750316fb6a4e9542a1a"
        },
        {
          "type": "icon",
          "assetId": "RV0WuFuZOW-M",
          "checksum": "8fe84c0d328cfa92f29805c5df9b0409"
        },
        {
          "type": "image",
          "assetId": "Tk2T5KGtaTrf",
          "checksum": "42f97b697be06a4e6ea851ca2b08ac07"
        },
        {
          "type": "image",
          "assetId": "2EeAiRiNN0l3",
          "checksum": "5fc7aabba218d918746ae3b6a6f44aa0"
        },
        {
          "type": "image",
          "assetId": "iLYC8V7n7_hy",
          "checksum": "29725ce5f0889fa55b0e872f77e7ee0d"
        },
        {
          "type": "image",
          "assetId": "7Q6-tMKo0R8_",
          "checksum": "b3d1690253957410b569d9dd5d39f953"
        }
      ]
    }
  ],
  "cliVersion": "0.1.161"
}
